
Microsoft Visual Studio Solution File, Format Version 12.00
# Visual Studio 2013
VisualStudioVersion = 12.0.31101.0
MinimumVisualStudioVersion = 10.0.40219.1
Project("{FAE04EC0-301F-11D3-BF4B-00C04F79EFBC}") = "TweetSentimentWeb2", "TweetSentimentWeb2\TweetSentimentWeb2.csproj", "{B5B0B63A-458A-47F3-ACE4-8F6E66F983D1}"
EndProject
Project("{2150E333-8FDC-42A3-9474-1A3956D46DE8}") = ".nuget", ".nuget", "{AEC0CBF0-D424-4CBD-B381-8F76DF3A2067}"
	ProjectSection(SolutionItems) = preProject
		.nuget\packages.config = .nuget\packages.config
	EndProjectSection
EndProject
Project("{2150E333-8FDC-42A3-9474-1A3956D46DE8}") = "PublishScripts", "PublishScripts", "{26A9DFA0-6DF7-4043-9472-9926B2DBB5A3}"
	ProjectSection(SolutionItems) = preProject
		PublishScripts\AzureWebsitePublishModule.psm1 = PublishScripts\AzureWebsitePublishModule.psm1
		PublishScripts\Publish-WebApplicationWebsite.ps1 = PublishScripts\Publish-WebApplicationWebsite.ps1
	EndProjectSection
EndProject
Project("{2150E333-8FDC-42A3-9474-1A3956D46DE8}") = "Configurations", "Configurations", "{8FDDC456-1F44-40E1-8DBE-6A244EBA8854}"
	ProjectSection(SolutionItems) = preProject
		PublishScripts\Configurations\TweetSentimentWeb2-WAWS-dev.json = PublishScripts\Configurations\TweetSentimentWeb2-WAWS-dev.json
	EndProjectSection
EndProject
Global
	GlobalSection(SolutionConfigurationPlatforms) = preSolution
		Debug|Any CPU = Debug|Any CPU
		Release|Any CPU = Release|Any CPU
	EndGlobalSection
	GlobalSection(ProjectConfigurationPlatforms) = postSolution
		{B5B0B63A-458A-47F3-ACE4-8F6E66F983D1}.Debug|Any CPU.ActiveCfg = Debug|Any CPU
		{B5B0B63A-458A-47F3-ACE4-8F6E66F983D1}.Debug|Any CPU.Build.0 = Debug|Any CPU
		{B5B0B63A-458A-47F3-ACE4-8F6E66F983D1}.Release|Any CPU.ActiveCfg = Release|Any CPU
		{B5B0B63A-458A-47F3-ACE4-8F6E66F983D1}.Release|Any CPU.Build.0 = Release|Any CPU
	EndGlobalSection
	GlobalSection(SolutionProperties) = preSolution
		HideSolutionNode = FALSE
	EndGlobalSection
	GlobalSection(NestedProjects) = preSolution
		{8FDDC456-1F44-40E1-8DBE-6A244EBA8854} = {26A9DFA0-6DF7-4043-9472-9926B2DBB5A3}
	EndGlobalSection
EndGlobal
